{
  "name": "stellaBabylon",
  "lockfileVersion": 2,
  "requires": true,
  "packages": {
    "": {
      "dependencies": {
        "babylonjs": "^7.35.1",
        "babylonjs-loaders": "^7.35.1"
      }
    },
    "node_modules/babylonjs": {
      "version": "7.35.1",
      "resolved": "https://registry.npmjs.org/babylonjs/-/babylonjs-7.35.1.tgz",
      "integrity": "sha512-6NdOBTz+l0oOmbpILD1mpi7u91i1KiChkVdRVZnRpkKe61V8urNAOcOlaXK5fYSHS4P/yTTH7DOY+G7OEq7Yuw==",
      "hasInstallScript": true
    },
    "node_modules/babylonjs-gltf2interface": {
      "version": "7.35.1",
      "resolved": "https://registry.npmjs.org/babylonjs-gltf2interface/-/babylonjs-gltf2interface-7.35.1.tgz",
      "integrity": "sha512-xJlMbv796Uzv/LaWc2iuAixEz8Rah9HsLDzMZ9GRuURFPXpgVnxTxD2qMzUDhH3qwQXSEVAVn5wyUdBoHLF3GQ=="
    },
    "node_modules/babylonjs-loaders": {
      "version": "7.35.1",
      "resolved": "https://registry.npmjs.org/babylonjs-loaders/-/babylonjs-loaders-7.35.1.tgz",
      "integrity": "sha512-9Xoc9viWK4qrzZgJwHslSCFZp/dVBigtMG9iXNjYNSVVwgD/IcYg87n71kS76yhMshM4yQllDEMgQsXONw+Ydg==",
      "dependencies": {
        "babylonjs": "^7.35.1",
        "babylonjs-gltf2interface": "^7.35.1"
      }
    }
  },
  "dependencies": {
    "babylonjs": {
      "version": "7.35.1",
      "resolved": "https://registry.npmjs.org/babylonjs/-/babylonjs-7.35.1.tgz",
      "integrity": "sha512-6NdOBTz+l0oOmbpILD1mpi7u91i1KiChkVdRVZnRpkKe61V8urNAOcOlaXK5fYSHS4P/yTTH7DOY+G7OEq7Yuw=="
    },
    "babylonjs-gltf2interface": {
      "version": "7.35.1",
      "resolved": "https://registry.npmjs.org/babylonjs-gltf2interface/-/babylonjs-gltf2interface-7.35.1.tgz",
      "integrity": "sha512-xJlMbv796Uzv/LaWc2iuAixEz8Rah9HsLDzMZ9GRuURFPXpgVnxTxD2qMzUDhH3qwQXSEVAVn5wyUdBoHLF3GQ=="
    },
    "babylonjs-loaders": {
      "version": "7.35.1",
      "resolved": "https://registry.npmjs.org/babylonjs-loaders/-/babylonjs-loaders-7.35.1.tgz",
      "integrity": "sha512-9Xoc9viWK4qrzZgJwHslSCFZp/dVBigtMG9iXNjYNSVVwgD/IcYg87n71kS76yhMshM4yQllDEMgQsXONw+Ydg==",
      "requires": {
        "babylonjs": "^7.35.1",
        "babylonjs-gltf2interface": "^7.35.1"
      }
    }
  }
}
